
Microsoft Visual Studio Solution File, Format Version 12.00
Project("{2150E333-8FDC-42A3-9474-1A3956D46DE8}") = "listing", "listing", "{4E2C6389-6A93-4409-B8F3-D2B8AB4A63F6}"
EndProject
Project("{FAE04EC0-301F-11D3-BF4B-00C04F79EFBC}") = "car-raffle-listing-api", "car-raffle-listing-api\car-raffle-listing-api.csproj", "{99A10C4F-8169-4E4C-B364-B3ADC429237F}"
EndProject
Project("{FAE04EC0-301F-11D3-BF4B-00C04F79EFBC}") = "car-raffle-listing-services", "car-raffle-listing-services\car-raffle-listing-services.csproj", "{EA46BAAA-2378-4C2D-9A3D-4606B1599BB0}"
EndProject
Project("{FAE04EC0-301F-11D3-BF4B-00C04F79EFBC}") = "car-raffle-listing-data", "car-raffle-listing-data\car-raffle-listing-data.csproj", "{C10E2DCC-9393-4E03-B5A4-D4DDC96C7ED9}"
EndProject
Project("{FAE04EC0-301F-11D3-BF4B-00C04F79EFBC}") = "car-raffle-gateway", "car-raffle-gateway\car-raffle-gateway.csproj", "{C33A0D81-8F50-4106-851E-311A8AF7D44B}"
EndProject
Project("{2150E333-8FDC-42A3-9474-1A3956D46DE8}") = "shared", "shared", "{48702321-6B0D-450B-82FB-A8465DB55CC7}"
EndProject
Project("{FAE04EC0-301F-11D3-BF4B-00C04F79EFBC}") = "car-raffle-shared", "car-raffle-shared\car-raffle-shared.csproj", "{2E6BBEB9-D0C8-4C2E-AA80-2536E7B90B2F}"
EndProject
Project("{2150E333-8FDC-42A3-9474-1A3956D46DE8}") = "ticket", "ticket", "{D7EFBEA5-B9D0-46E8-8E8C-E07133B3D7D9}"
EndProject
Project("{FAE04EC0-301F-11D3-BF4B-00C04F79EFBC}") = "car-raffle-ticket-api", "car-raffle-ticket-api\car-raffle-ticket-api.csproj", "{25490F94-9342-4F99-A4EC-F7B4C7C7E8FF}"
EndProject
Project("{FAE04EC0-301F-11D3-BF4B-00C04F79EFBC}") = "car-raffle-ticket-data", "car-raffle-ticket-data\car-raffle-ticket-data.csproj", "{77726319-6681-4589-8E48-105AB2D40DA9}"
EndProject
Project("{FAE04EC0-301F-11D3-BF4B-00C04F79EFBC}") = "car-raffle-ticket-services", "car-raffle-ticket-services\car-raffle-ticket-services.csproj", "{8D1078A8-A469-4060-869D-48828540A892}"
EndProject
Project("{2150E333-8FDC-42A3-9474-1A3956D46DE8}") = "user", "user", "{4BA6FD25-7D51-4417-AB9C-236B0448CF87}"
EndProject
Project("{FAE04EC0-301F-11D3-BF4B-00C04F79EFBC}") = "car-raffle-user-api", "car-raffle-user-api\car-raffle-user-api.csproj", "{1B28901D-0221-4F9A-B1F2-3D20CEBDAD93}"
EndProject
Project("{FAE04EC0-301F-11D3-BF4B-00C04F79EFBC}") = "car-raffle-user-data", "car-raffle-user-data\car-raffle-user-data.csproj", "{875854D0-AB54-4172-85BA-110478BA84D3}"
EndProject
Project("{FAE04EC0-301F-11D3-BF4B-00C04F79EFBC}") = "car-raffle-user-services", "car-raffle-user-services\car-raffle-user-services.csproj", "{E1ACD90E-C537-421E-8B44-F4B07E291192}"
EndProject
Global
	GlobalSection(SolutionConfigurationPlatforms) = preSolution
		Debug|Any CPU = Debug|Any CPU
		Release|Any CPU = Release|Any CPU
	EndGlobalSection
	GlobalSection(ProjectConfigurationPlatforms) = postSolution
		{99A10C4F-8169-4E4C-B364-B3ADC429237F}.Debug|Any CPU.ActiveCfg = Debug|Any CPU
		{99A10C4F-8169-4E4C-B364-B3ADC429237F}.Debug|Any CPU.Build.0 = Debug|Any CPU
		{99A10C4F-8169-4E4C-B364-B3ADC429237F}.Release|Any CPU.ActiveCfg = Release|Any CPU
		{99A10C4F-8169-4E4C-B364-B3ADC429237F}.Release|Any CPU.Build.0 = Release|Any CPU
		{EA46BAAA-2378-4C2D-9A3D-4606B1599BB0}.Debug|Any CPU.ActiveCfg = Debug|Any CPU
		{EA46BAAA-2378-4C2D-9A3D-4606B1599BB0}.Debug|Any CPU.Build.0 = Debug|Any CPU
		{EA46BAAA-2378-4C2D-9A3D-4606B1599BB0}.Release|Any CPU.ActiveCfg = Release|Any CPU
		{EA46BAAA-2378-4C2D-9A3D-4606B1599BB0}.Release|Any CPU.Build.0 = Release|Any CPU
		{C10E2DCC-9393-4E03-B5A4-D4DDC96C7ED9}.Debug|Any CPU.ActiveCfg = Debug|Any CPU
		{C10E2DCC-9393-4E03-B5A4-D4DDC96C7ED9}.Debug|Any CPU.Build.0 = Debug|Any CPU
		{C10E2DCC-9393-4E03-B5A4-D4DDC96C7ED9}.Release|Any CPU.ActiveCfg = Release|Any CPU
		{C10E2DCC-9393-4E03-B5A4-D4DDC96C7ED9}.Release|Any CPU.Build.0 = Release|Any CPU
		{C33A0D81-8F50-4106-851E-311A8AF7D44B}.Debug|Any CPU.ActiveCfg = Debug|Any CPU
		{C33A0D81-8F50-4106-851E-311A8AF7D44B}.Debug|Any CPU.Build.0 = Debug|Any CPU
		{C33A0D81-8F50-4106-851E-311A8AF7D44B}.Release|Any CPU.ActiveCfg = Release|Any CPU
		{C33A0D81-8F50-4106-851E-311A8AF7D44B}.Release|Any CPU.Build.0 = Release|Any CPU
		{2E6BBEB9-D0C8-4C2E-AA80-2536E7B90B2F}.Debug|Any CPU.ActiveCfg = Debug|Any CPU
		{2E6BBEB9-D0C8-4C2E-AA80-2536E7B90B2F}.Debug|Any CPU.Build.0 = Debug|Any CPU
		{2E6BBEB9-D0C8-4C2E-AA80-2536E7B90B2F}.Release|Any CPU.ActiveCfg = Release|Any CPU
		{2E6BBEB9-D0C8-4C2E-AA80-2536E7B90B2F}.Release|Any CPU.Build.0 = Release|Any CPU
		{25490F94-9342-4F99-A4EC-F7B4C7C7E8FF}.Debug|Any CPU.ActiveCfg = Debug|Any CPU
		{25490F94-9342-4F99-A4EC-F7B4C7C7E8FF}.Debug|Any CPU.Build.0 = Debug|Any CPU
		{25490F94-9342-4F99-A4EC-F7B4C7C7E8FF}.Release|Any CPU.ActiveCfg = Release|Any CPU
		{25490F94-9342-4F99-A4EC-F7B4C7C7E8FF}.Release|Any CPU.Build.0 = Release|Any CPU
		{77726319-6681-4589-8E48-105AB2D40DA9}.Debug|Any CPU.ActiveCfg = Debug|Any CPU
		{77726319-6681-4589-8E48-105AB2D40DA9}.Debug|Any CPU.Build.0 = Debug|Any CPU
		{77726319-6681-4589-8E48-105AB2D40DA9}.Release|Any CPU.ActiveCfg = Release|Any CPU
		{77726319-6681-4589-8E48-105AB2D40DA9}.Release|Any CPU.Build.0 = Release|Any CPU
		{8D1078A8-A469-4060-869D-48828540A892}.Debug|Any CPU.ActiveCfg = Debug|Any CPU
		{8D1078A8-A469-4060-869D-48828540A892}.Debug|Any CPU.Build.0 = Debug|Any CPU
		{8D1078A8-A469-4060-869D-48828540A892}.Release|Any CPU.ActiveCfg = Release|Any CPU
		{8D1078A8-A469-4060-869D-48828540A892}.Release|Any CPU.Build.0 = Release|Any CPU
		{1B28901D-0221-4F9A-B1F2-3D20CEBDAD93}.Debug|Any CPU.ActiveCfg = Debug|Any CPU
		{1B28901D-0221-4F9A-B1F2-3D20CEBDAD93}.Debug|Any CPU.Build.0 = Debug|Any CPU
		{1B28901D-0221-4F9A-B1F2-3D20CEBDAD93}.Release|Any CPU.ActiveCfg = Release|Any CPU
		{1B28901D-0221-4F9A-B1F2-3D20CEBDAD93}.Release|Any CPU.Build.0 = Release|Any CPU
		{875854D0-AB54-4172-85BA-110478BA84D3}.Debug|Any CPU.ActiveCfg = Debug|Any CPU
		{875854D0-AB54-4172-85BA-110478BA84D3}.Debug|Any CPU.Build.0 = Debug|Any CPU
		{875854D0-AB54-4172-85BA-110478BA84D3}.Release|Any CPU.ActiveCfg = Release|Any CPU
		{875854D0-AB54-4172-85BA-110478BA84D3}.Release|Any CPU.Build.0 = Release|Any CPU
		{E1ACD90E-C537-421E-8B44-F4B07E291192}.Debug|Any CPU.ActiveCfg = Debug|Any CPU
		{E1ACD90E-C537-421E-8B44-F4B07E291192}.Debug|Any CPU.Build.0 = Debug|Any CPU
		{E1ACD90E-C537-421E-8B44-F4B07E291192}.Release|Any CPU.ActiveCfg = Release|Any CPU
		{E1ACD90E-C537-421E-8B44-F4B07E291192}.Release|Any CPU.Build.0 = Release|Any CPU
	EndGlobalSection
	GlobalSection(NestedProjects) = preSolution
		{99A10C4F-8169-4E4C-B364-B3ADC429237F} = {4E2C6389-6A93-4409-B8F3-D2B8AB4A63F6}
		{EA46BAAA-2378-4C2D-9A3D-4606B1599BB0} = {4E2C6389-6A93-4409-B8F3-D2B8AB4A63F6}
		{C10E2DCC-9393-4E03-B5A4-D4DDC96C7ED9} = {4E2C6389-6A93-4409-B8F3-D2B8AB4A63F6}
		{2E6BBEB9-D0C8-4C2E-AA80-2536E7B90B2F} = {48702321-6B0D-450B-82FB-A8465DB55CC7}
		{25490F94-9342-4F99-A4EC-F7B4C7C7E8FF} = {D7EFBEA5-B9D0-46E8-8E8C-E07133B3D7D9}
		{77726319-6681-4589-8E48-105AB2D40DA9} = {D7EFBEA5-B9D0-46E8-8E8C-E07133B3D7D9}
		{8D1078A8-A469-4060-869D-48828540A892} = {D7EFBEA5-B9D0-46E8-8E8C-E07133B3D7D9}
		{1B28901D-0221-4F9A-B1F2-3D20CEBDAD93} = {4BA6FD25-7D51-4417-AB9C-236B0448CF87}
		{875854D0-AB54-4172-85BA-110478BA84D3} = {4BA6FD25-7D51-4417-AB9C-236B0448CF87}
		{E1ACD90E-C537-421E-8B44-F4B07E291192} = {4BA6FD25-7D51-4417-AB9C-236B0448CF87}
	EndGlobalSection
EndGlobal
